{
    "version": 3,
    "terraform_version": "0.9.8",
    "serial": 13,
    "lineage": "bf99e9b2-0fb8-4ad0-a191-8b552e2cf435",
    "modules": [
        {
            "path": [
                "root"
            ],
            "outputs": {},
            "resources": {
                "aws_api_gateway_deployment.development": {
                    "type": "aws_api_gateway_deployment",
                    "depends_on": [
                        "module.service_name"
                    ],
                    "primary": {
                        "id": "cefdhx",
                        "attributes": {
                            "created_date": "2017-07-10T14:37:56Z",
                            "description": "Description of the deployment.",
                            "execution_arn": "arn:aws:execute-api:us-west-2:827763215205:52jar5sn8l/development",
                            "id": "cefdhx",
                            "invoke_url": "https://52jar5sn8l.execute-api.us-west-2.amazonaws.com/development",
                            "rest_api_id": "52jar5sn8l",
                            "stage_description": "Description of the stage.",
                            "stage_name": "development",
                            "variables.%": "1",
                            "variables.stage": "development"
                        },
                        "meta": {},
                        "tainted": false
                    },
                    "deposed": [],
                    "provider": ""
                },
                "aws_lambda_function.test_lambda": {
                    "type": "aws_lambda_function",
                    "depends_on": [],
                    "primary": {
                        "id": "lambda_function_name",
                        "attributes": {
                            "arn": "arn:aws:lambda:us-west-2:827763215205:function:lambda_function_name",
                            "dead_letter_config.#": "0",
                            "description": "",
                            "environment.#": "0",
                            "filename": "../lambda_function_payload.zip",
                            "function_name": "lambda_function_name",
                            "handler": "index.handler",
                            "id": "lambda_function_name",
                            "invoke_arn": "arn:aws:apigateway:us-west-2:lambda:path/2015-03-31/functions/arn:aws:lambda:us-west-2:827763215205:function:lambda_function_name/invocations",
                            "kms_key_arn": "",
                            "last_modified": "2017-07-10T16:51:30.798+0000",
                            "memory_size": "128",
                            "publish": "false",
                            "qualified_arn": "arn:aws:lambda:us-west-2:827763215205:function:lambda_function_name:$LATEST",
                            "role": "arn:aws:iam::827763215205:role/simple_lambda_Role",
                            "runtime": "nodejs6.10",
                            "source_code_hash": "VgZHpOe8ktxVf27VvBwhrd3CtKfPGhCxewnTOkYI6WU=",
                            "tags.%": "0",
                            "timeout": "3",
                            "tracing_config.#": "1",
                            "tracing_config.0.mode": "PassThrough",
                            "version": "$LATEST",
                            "vpc_config.#": "0"
                        },
                        "meta": {},
                        "tainted": false
                    },
                    "deposed": [],
                    "provider": ""
                }
            },
            "depends_on": []
        },
        {
            "path": [
                "root",
                "service_name"
            ],
            "outputs": {
                "rest_api_id": {
                    "sensitive": false,
                    "type": "string",
                    "value": "52jar5sn8l"
                }
            },
            "resources": {
                "aws_api_gateway_integration.get_root": {
                    "type": "aws_api_gateway_integration",
                    "depends_on": [
                        "aws_api_gateway_method.get_root",
                        "aws_api_gateway_rest_api.service_name"
                    ],
                    "primary": {
                        "id": "agi-52jar5sn8l-fbxtfw8u0i-GET",
                        "attributes": {
                            "http_method": "GET",
                            "id": "agi-52jar5sn8l-fbxtfw8u0i-GET",
                            "integration_http_method": "GET",
                            "passthrough_behavior": "WHEN_NO_MATCH",
                            "request_parameters.%": "0",
                            "request_templates.%": "0",
                            "resource_id": "fbxtfw8u0i",
                            "rest_api_id": "52jar5sn8l",
                            "type": "AWS",
                            "uri": "arn:aws:apigateway:us-west-2:lambda:path/2015-03-31/functions/arn:aws:lambda:us-west-2:827763215205:function:lambda_function_name/invocations"
                        },
                        "meta": {},
                        "tainted": false
                    },
                    "deposed": [],
                    "provider": ""
                },
                "aws_api_gateway_method.get_root": {
                    "type": "aws_api_gateway_method",
                    "depends_on": [
                        "aws_api_gateway_rest_api.service_name"
                    ],
                    "primary": {
                        "id": "agm-52jar5sn8l-fbxtfw8u0i-GET",
                        "attributes": {
                            "api_key_required": "false",
                            "authorization": "NONE",
                            "authorizer_id": "",
                            "http_method": "GET",
                            "id": "agm-52jar5sn8l-fbxtfw8u0i-GET",
                            "request_models.%": "0",
                            "request_parameters.%": "0",
                            "resource_id": "fbxtfw8u0i",
                            "rest_api_id": "52jar5sn8l"
                        },
                        "meta": {},
                        "tainted": false
                    },
                    "deposed": [],
                    "provider": ""
                },
                "aws_api_gateway_rest_api.service_name": {
                    "type": "aws_api_gateway_rest_api",
                    "depends_on": [],
                    "primary": {
                        "id": "52jar5sn8l",
                        "attributes": {
                            "binary_media_types.#": "0",
                            "created_date": "2017-07-10T14:37:53Z",
                            "description": "Test service description",
                            "id": "52jar5sn8l",
                            "name": "test-service",
                            "root_resource_id": "fbxtfw8u0i"
                        },
                        "meta": {},
                        "tainted": false
                    },
                    "deposed": [],
                    "provider": ""
                }
            },
            "depends_on": []
        }
    ]
}
