{
    "version": 3,
    "terraform_version": "0.9.8",
    "serial": 7,
    "lineage": "bf99e9b2-0fb8-4ad0-a191-8b552e2cf435",
    "modules": [
        {
            "path": [
                "root"
            ],
            "outputs": {},
            "resources": {
                "aws_api_gateway_deployment.development": {
                    "type": "aws_api_gateway_deployment",
                    "depends_on": [
                        "module.service_name"
                    ],
                    "primary": {
                        "id": "1mak1a",
                        "attributes": {
                            "created_date": "2017-07-07T21:39:31Z",
                            "description": "Description of the deployment.",
                            "execution_arn": "arn:aws:execute-api:us-west-2:827763215205:g8et628ns4/development",
                            "id": "1mak1a",
                            "invoke_url": "https://g8et628ns4.execute-api.us-west-2.amazonaws.com/development",
                            "rest_api_id": "g8et628ns4",
                            "stage_description": "Description of the stage.",
                            "stage_name": "development",
                            "variables.%": "1",
                            "variables.stage": "development"
                        },
                        "meta": {},
                        "tainted": false
                    },
                    "deposed": [],
                    "provider": ""
                }
            },
            "depends_on": []
        },
        {
            "path": [
                "root",
                "service_name"
            ],
            "outputs": {
                "rest_api_id": {
                    "sensitive": false,
                    "type": "string",
                    "value": "g8et628ns4"
                }
            },
            "resources": {
                "aws_api_gateway_integration.get_root": {
                    "type": "aws_api_gateway_integration",
                    "depends_on": [
                        "aws_api_gateway_method.get_root",
                        "aws_api_gateway_rest_api.service_name"
                    ],
                    "primary": {
                        "id": "agi-g8et628ns4-qoxqaxg02m-GET",
                        "attributes": {
                            "http_method": "GET",
                            "id": "agi-g8et628ns4-qoxqaxg02m-GET",
                            "passthrough_behavior": "WHEN_NO_MATCH",
                            "request_parameters.%": "0",
                            "request_templates.%": "0",
                            "resource_id": "qoxqaxg02m",
                            "rest_api_id": "g8et628ns4",
                            "type": "MOCK"
                        },
                        "meta": {},
                        "tainted": false
                    },
                    "deposed": [],
                    "provider": ""
                },
                "aws_api_gateway_method.get_root": {
                    "type": "aws_api_gateway_method",
                    "depends_on": [
                        "aws_api_gateway_rest_api.service_name"
                    ],
                    "primary": {
                        "id": "agm-g8et628ns4-qoxqaxg02m-GET",
                        "attributes": {
                            "api_key_required": "false",
                            "authorization": "NONE",
                            "http_method": "GET",
                            "id": "agm-g8et628ns4-qoxqaxg02m-GET",
                            "resource_id": "qoxqaxg02m",
                            "rest_api_id": "g8et628ns4"
                        },
                        "meta": {},
                        "tainted": false
                    },
                    "deposed": [],
                    "provider": ""
                },
                "aws_api_gateway_rest_api.service_name": {
                    "type": "aws_api_gateway_rest_api",
                    "depends_on": [],
                    "primary": {
                        "id": "g8et628ns4",
                        "attributes": {
                            "binary_media_types.#": "0",
                            "created_date": "2017-07-07T21:39:28Z",
                            "description": "Test service description",
                            "id": "g8et628ns4",
                            "name": "test-service",
                            "root_resource_id": "qoxqaxg02m"
                        },
                        "meta": {},
                        "tainted": false
                    },
                    "deposed": [],
                    "provider": ""
                }
            },
            "depends_on": []
        }
    ]
}
